
Microsoft Visual Studio Solution File, Format Version 12.00
# Visual Studio Version 16
VisualStudioVersion = 16.0.32106.194
MinimumVisualStudioVersion = 10.0.40219.1
Project("{FAE04EC0-301F-11D3-BF4B-00C04F79EFBC}") = "ConsoleAppSubmissionAssignment2", "ConsoleAppSubmissionAssignment2\ConsoleAppSubmissionAssignment2.csproj", "{7B0B1D75-0B2F-4296-980D-4E986541EA8F}"
EndProject
Global
	GlobalSection(SolutionConfigurationPlatforms) = preSolution
		Debug|Any CPU = Debug|Any CPU
		Release|Any CPU = Release|Any CPU
	EndGlobalSection
	GlobalSection(ProjectConfigurationPlatforms) = postSolution
		{7B0B1D75-0B2F-4296-980D-4E986541EA8F}.Debug|Any CPU.ActiveCfg = Debug|Any CPU
		{7B0B1D75-0B2F-4296-980D-4E986541EA8F}.Debug|Any CPU.Build.0 = Debug|Any CPU
		{7B0B1D75-0B2F-4296-980D-4E986541EA8F}.Release|Any CPU.ActiveCfg = Release|Any CPU
		{7B0B1D75-0B2F-4296-980D-4E986541EA8F}.Release|Any CPU.Build.0 = Release|Any CPU
	EndGlobalSection
	GlobalSection(SolutionProperties) = preSolution
		HideSolutionNode = FALSE
	EndGlobalSection
	GlobalSection(ExtensibilityGlobals) = postSolution
		SolutionGuid = {8BC64599-0DB8-4D3B-8E8D-ACD38F1095F0}
	EndGlobalSection
EndGlobal
