
Microsoft Visual Studio Solution File, Format Version 12.00
# Visual Studio Version 16
VisualStudioVersion = 16.0.32106.194
MinimumVisualStudioVersion = 10.0.40219.1
Project("{FAE04EC0-301F-11D3-BF4B-00C04F79EFBC}") = "ConsoleAppMultiPartAssignment", "ConsoleAppMultiPartAssignment\ConsoleAppMultiPartAssignment.csproj", "{D732D67C-32D8-499D-913A-D6FA73562430}"
EndProject
Global
	GlobalSection(SolutionConfigurationPlatforms) = preSolution
		Debug|Any CPU = Debug|Any CPU
		Release|Any CPU = Release|Any CPU
	EndGlobalSection
	GlobalSection(ProjectConfigurationPlatforms) = postSolution
		{D732D67C-32D8-499D-913A-D6FA73562430}.Debug|Any CPU.ActiveCfg = Debug|Any CPU
		{D732D67C-32D8-499D-913A-D6FA73562430}.Debug|Any CPU.Build.0 = Debug|Any CPU
		{D732D67C-32D8-499D-913A-D6FA73562430}.Release|Any CPU.ActiveCfg = Release|Any CPU
		{D732D67C-32D8-499D-913A-D6FA73562430}.Release|Any CPU.Build.0 = Release|Any CPU
	EndGlobalSection
	GlobalSection(SolutionProperties) = preSolution
		HideSolutionNode = FALSE
	EndGlobalSection
	GlobalSection(ExtensibilityGlobals) = postSolution
		SolutionGuid = {069F72CD-21AC-4BBF-8926-C41A651D4D81}
	EndGlobalSection
EndGlobal
