
Microsoft Visual Studio Solution File, Format Version 12.00
# Visual Studio Version 16
VisualStudioVersion = 16.0.32106.194
MinimumVisualStudioVersion = 10.0.40219.1
Project("{FAE04EC0-301F-11D3-BF4B-00C04F79EFBC}") = "ConsoleAppAssignment", "ConsoleAppAssignment\ConsoleAppAssignment.csproj", "{E69FE7FF-0DDC-479A-ACE5-E4E7543E2B6D}"
EndProject
Global
	GlobalSection(SolutionConfigurationPlatforms) = preSolution
		Debug|Any CPU = Debug|Any CPU
		Release|Any CPU = Release|Any CPU
	EndGlobalSection
	GlobalSection(ProjectConfigurationPlatforms) = postSolution
		{E69FE7FF-0DDC-479A-ACE5-E4E7543E2B6D}.Debug|Any CPU.ActiveCfg = Debug|Any CPU
		{E69FE7FF-0DDC-479A-ACE5-E4E7543E2B6D}.Debug|Any CPU.Build.0 = Debug|Any CPU
		{E69FE7FF-0DDC-479A-ACE5-E4E7543E2B6D}.Release|Any CPU.ActiveCfg = Release|Any CPU
		{E69FE7FF-0DDC-479A-ACE5-E4E7543E2B6D}.Release|Any CPU.Build.0 = Release|Any CPU
	EndGlobalSection
	GlobalSection(SolutionProperties) = preSolution
		HideSolutionNode = FALSE
	EndGlobalSection
	GlobalSection(ExtensibilityGlobals) = postSolution
		SolutionGuid = {6916A4D7-07A0-4CD3-9D84-0D5FD14ED708}
	EndGlobalSection
EndGlobal
