
Microsoft Visual Studio Solution File, Format Version 12.00
# Visual Studio Version 16
VisualStudioVersion = 16.0.32126.315
MinimumVisualStudioVersion = 10.0.40219.1
Project("{FAE04EC0-301F-11D3-BF4B-00C04F79EFBC}") = "ParsingEnumsSubmission", "ParsingEnumsSubmission\ParsingEnumsSubmission.csproj", "{E655E197-8F17-4B0D-A67E-834D3BDA16DC}"
EndProject
Global
	GlobalSection(SolutionConfigurationPlatforms) = preSolution
		Debug|Any CPU = Debug|Any CPU
		Release|Any CPU = Release|Any CPU
	EndGlobalSection
	GlobalSection(ProjectConfigurationPlatforms) = postSolution
		{E655E197-8F17-4B0D-A67E-834D3BDA16DC}.Debug|Any CPU.ActiveCfg = Debug|Any CPU
		{E655E197-8F17-4B0D-A67E-834D3BDA16DC}.Debug|Any CPU.Build.0 = Debug|Any CPU
		{E655E197-8F17-4B0D-A67E-834D3BDA16DC}.Release|Any CPU.ActiveCfg = Release|Any CPU
		{E655E197-8F17-4B0D-A67E-834D3BDA16DC}.Release|Any CPU.Build.0 = Release|Any CPU
	EndGlobalSection
	GlobalSection(SolutionProperties) = preSolution
		HideSolutionNode = FALSE
	EndGlobalSection
	GlobalSection(ExtensibilityGlobals) = postSolution
		SolutionGuid = {4BB27067-7EBC-43D7-BDF4-9EA86812E2E6}
	EndGlobalSection
EndGlobal
