
Microsoft Visual Studio Solution File, Format Version 12.00
# Visual Studio Version 16
VisualStudioVersion = 16.0.32106.194
MinimumVisualStudioVersion = 10.0.40219.1
Project("{FAE04EC0-301F-11D3-BF4B-00C04F79EFBC}") = "PackageExpress", "PackageExpress\PackageExpress.csproj", "{CED3F8CD-7AC6-4144-94EB-FF40C4AE29D0}"
EndProject
Global
	GlobalSection(SolutionConfigurationPlatforms) = preSolution
		Debug|Any CPU = Debug|Any CPU
		Release|Any CPU = Release|Any CPU
	EndGlobalSection
	GlobalSection(ProjectConfigurationPlatforms) = postSolution
		{CED3F8CD-7AC6-4144-94EB-FF40C4AE29D0}.Debug|Any CPU.ActiveCfg = Debug|Any CPU
		{CED3F8CD-7AC6-4144-94EB-FF40C4AE29D0}.Debug|Any CPU.Build.0 = Debug|Any CPU
		{CED3F8CD-7AC6-4144-94EB-FF40C4AE29D0}.Release|Any CPU.ActiveCfg = Release|Any CPU
		{CED3F8CD-7AC6-4144-94EB-FF40C4AE29D0}.Release|Any CPU.Build.0 = Release|Any CPU
	EndGlobalSection
	GlobalSection(SolutionProperties) = preSolution
		HideSolutionNode = FALSE
	EndGlobalSection
	GlobalSection(ExtensibilityGlobals) = postSolution
		SolutionGuid = {23B6547A-7E61-462F-BF45-8E6C6B4F9A55}
	EndGlobalSection
EndGlobal
